
Microsoft Visual Studio Solution File, Format Version 12.00
# Visual Studio Version 16
VisualStudioVersion = 16.0.30611.23
MinimumVisualStudioVersion = 10.0.40219.1
Project("{2150E333-8FDC-42A3-9474-1A3956D46DE8}") = "Core", "Core", "{F4DE0786-1697-40CB-9C78-29CA42B87649}"
EndProject
Project("{9A19103F-16F7-4668-BE54-9A1E7A4F7556}") = "App.Domain.Entities", "App.Domain.Entities\App.Domain.Entities.csproj", "{071F1483-35CF-4F1F-B831-B92013D5F85A}"
EndProject
Project("{2150E333-8FDC-42A3-9474-1A3956D46DE8}") = "Tests", "Tests", "{14C96C3E-FBEF-4D41-8186-EE6C994DCA80}"
EndProject
Project("{9A19103F-16F7-4668-BE54-9A1E7A4F7556}") = "Test.App.Domain.Entities", "Test.App.Domain.Entities\Test.App.Domain.Entities.csproj", "{7E87465C-44E4-42DF-80DC-495D95BCBF66}"
EndProject
Project("{2150E333-8FDC-42A3-9474-1A3956D46DE8}") = "Infrastructure", "Infrastructure", "{3ADB0C22-532E-4B42-9607-DD3B37AC7E9A}"
EndProject
Project("{9A19103F-16F7-4668-BE54-9A1E7A4F7556}") = "App.Infrastructure.DataAccess", "App.Infrastructure.DataAccess\App.Infrastructure.DataAccess.csproj", "{1A48C8A3-70BD-4CC2-B703-FAB52E72FDCC}"
EndProject
Project("{2150E333-8FDC-42A3-9474-1A3956D46DE8}") = "Clients", "Clients", "{5C707063-12E3-4A30-9691-672D639E6F17}"
EndProject
Project("{9A19103F-16F7-4668-BE54-9A1E7A4F7556}") = "App.Client.WebUI", "App.Client.WebUI\App.Client.WebUI.csproj", "{EBEF3F02-646D-448A-87B9-3200EA87FDA7}"
EndProject
Project("{9A19103F-16F7-4668-BE54-9A1E7A4F7556}") = "Test.App.Infrastructure.DataAccess", "Test.App.Infrastructure.DataAccess\Test.App.Infrastructure.DataAccess.csproj", "{DE065FAB-888B-4BD4-8261-48A41D6DE47E}"
EndProject
Project("{9A19103F-16F7-4668-BE54-9A1E7A4F7556}") = "App.Domain.Application", "App.Domain.Application\App.Domain.Application.csproj", "{E3F34E40-4E57-488B-9865-2626A4C0B3FB}"
EndProject
Project("{9A19103F-16F7-4668-BE54-9A1E7A4F7556}") = "App.Domain.Interfaces", "App.Domain.Interfaces\App.Domain.Interfaces.csproj", "{305ADCA1-655C-4ED9-8981-73D4DEC3BAE9}"
EndProject
Global
	GlobalSection(SolutionConfigurationPlatforms) = preSolution
		Debug|Any CPU = Debug|Any CPU
		Release|Any CPU = Release|Any CPU
	EndGlobalSection
	GlobalSection(ProjectConfigurationPlatforms) = postSolution
		{071F1483-35CF-4F1F-B831-B92013D5F85A}.Debug|Any CPU.ActiveCfg = Debug|Any CPU
		{071F1483-35CF-4F1F-B831-B92013D5F85A}.Debug|Any CPU.Build.0 = Debug|Any CPU
		{071F1483-35CF-4F1F-B831-B92013D5F85A}.Release|Any CPU.ActiveCfg = Release|Any CPU
		{071F1483-35CF-4F1F-B831-B92013D5F85A}.Release|Any CPU.Build.0 = Release|Any CPU
		{7E87465C-44E4-42DF-80DC-495D95BCBF66}.Debug|Any CPU.ActiveCfg = Debug|Any CPU
		{7E87465C-44E4-42DF-80DC-495D95BCBF66}.Debug|Any CPU.Build.0 = Debug|Any CPU
		{7E87465C-44E4-42DF-80DC-495D95BCBF66}.Release|Any CPU.ActiveCfg = Release|Any CPU
		{7E87465C-44E4-42DF-80DC-495D95BCBF66}.Release|Any CPU.Build.0 = Release|Any CPU
		{1A48C8A3-70BD-4CC2-B703-FAB52E72FDCC}.Debug|Any CPU.ActiveCfg = Debug|Any CPU
		{1A48C8A3-70BD-4CC2-B703-FAB52E72FDCC}.Debug|Any CPU.Build.0 = Debug|Any CPU
		{1A48C8A3-70BD-4CC2-B703-FAB52E72FDCC}.Release|Any CPU.ActiveCfg = Release|Any CPU
		{1A48C8A3-70BD-4CC2-B703-FAB52E72FDCC}.Release|Any CPU.Build.0 = Release|Any CPU
		{EBEF3F02-646D-448A-87B9-3200EA87FDA7}.Debug|Any CPU.ActiveCfg = Debug|Any CPU
		{EBEF3F02-646D-448A-87B9-3200EA87FDA7}.Debug|Any CPU.Build.0 = Debug|Any CPU
		{EBEF3F02-646D-448A-87B9-3200EA87FDA7}.Release|Any CPU.ActiveCfg = Release|Any CPU
		{EBEF3F02-646D-448A-87B9-3200EA87FDA7}.Release|Any CPU.Build.0 = Release|Any CPU
		{DE065FAB-888B-4BD4-8261-48A41D6DE47E}.Debug|Any CPU.ActiveCfg = Debug|Any CPU
		{DE065FAB-888B-4BD4-8261-48A41D6DE47E}.Debug|Any CPU.Build.0 = Debug|Any CPU
		{DE065FAB-888B-4BD4-8261-48A41D6DE47E}.Release|Any CPU.ActiveCfg = Release|Any CPU
		{DE065FAB-888B-4BD4-8261-48A41D6DE47E}.Release|Any CPU.Build.0 = Release|Any CPU
		{E3F34E40-4E57-488B-9865-2626A4C0B3FB}.Debug|Any CPU.ActiveCfg = Debug|Any CPU
		{E3F34E40-4E57-488B-9865-2626A4C0B3FB}.Debug|Any CPU.Build.0 = Debug|Any CPU
		{E3F34E40-4E57-488B-9865-2626A4C0B3FB}.Release|Any CPU.ActiveCfg = Release|Any CPU
		{E3F34E40-4E57-488B-9865-2626A4C0B3FB}.Release|Any CPU.Build.0 = Release|Any CPU
		{305ADCA1-655C-4ED9-8981-73D4DEC3BAE9}.Debug|Any CPU.ActiveCfg = Debug|Any CPU
		{305ADCA1-655C-4ED9-8981-73D4DEC3BAE9}.Debug|Any CPU.Build.0 = Debug|Any CPU
		{305ADCA1-655C-4ED9-8981-73D4DEC3BAE9}.Release|Any CPU.ActiveCfg = Release|Any CPU
		{305ADCA1-655C-4ED9-8981-73D4DEC3BAE9}.Release|Any CPU.Build.0 = Release|Any CPU
	EndGlobalSection
	GlobalSection(SolutionProperties) = preSolution
		HideSolutionNode = FALSE
	EndGlobalSection
	GlobalSection(NestedProjects) = preSolution
		{071F1483-35CF-4F1F-B831-B92013D5F85A} = {F4DE0786-1697-40CB-9C78-29CA42B87649}
		{7E87465C-44E4-42DF-80DC-495D95BCBF66} = {14C96C3E-FBEF-4D41-8186-EE6C994DCA80}
		{1A48C8A3-70BD-4CC2-B703-FAB52E72FDCC} = {3ADB0C22-532E-4B42-9607-DD3B37AC7E9A}
		{EBEF3F02-646D-448A-87B9-3200EA87FDA7} = {5C707063-12E3-4A30-9691-672D639E6F17}
		{DE065FAB-888B-4BD4-8261-48A41D6DE47E} = {14C96C3E-FBEF-4D41-8186-EE6C994DCA80}
		{E3F34E40-4E57-488B-9865-2626A4C0B3FB} = {F4DE0786-1697-40CB-9C78-29CA42B87649}
		{305ADCA1-655C-4ED9-8981-73D4DEC3BAE9} = {F4DE0786-1697-40CB-9C78-29CA42B87649}
	EndGlobalSection
	GlobalSection(ExtensibilityGlobals) = postSolution
		SolutionGuid = {BA84D6CE-07DF-4570-BC45-6CEC4034F94D}
	EndGlobalSection
EndGlobal
